{
  "name": "lilac",
  "version": "0.0.0",
  "lockfileVersion": 3,
  "requires": true,
  "packages": {
    "": {
      "name": "lilac",
      "version": "0.0.0",
      "workspaces": [
        "packages/*"
      ],
      "engines": {
        "node": ">=22.18.0"
      }
    },
    "node_modules/@impeccable/cli-darwin-arm64": {
      "version": "0.1.5",
      "resolved": "https://registry.npmjs.org/@impeccable/cli-darwin-arm64/-/cli-darwin-arm64-0.1.5.tgz",
      "integrity": "sha512-RvSrbsvzHsyfVaL693mMiWWLauZXas00F5VrNoaqOUvOm478HJUIUnl77H393F9k9LWZNiNFLwIinRnGJ92naA==",
      "cpu": [
        "arm64"
      ],
      "license": "SEE LICENSE IN LICENSE",
      "optional": true,
      "os": [
        "darwin"
      ],
      "bin": {
        "impeccable-darwin-arm64": "bin/impeccable"
      }
    },
    "node_modules/@impeccable/cli-darwin-x64": {
      "version": "0.1.5",
      "resolved": "https://registry.npmjs.org/@impeccable/cli-darwin-x64/-/cli-darwin-x64-0.1.5.tgz",
      "integrity": "sha512-wYfhNhVtgosKIjxxWdJ3X/KydASdDIAAdmng8shKUgfiCkY9Tld0psuhVJOdkKoJaRajagp7a2f/tCNN1xdBZA==",
      "cpu": [
        "x64"
      ],
      "license": "SEE LICENSE IN LICENSE",
      "optional": true,
      "os": [
        "darwin"
      ],
      "bin": {
        "impeccable-darwin-x64": "bin/impeccable"
      }
    },
    "node_modules/@impeccable/cli-linux-arm64": {
      "version": "0.1.5",
      "resolved": "https://registry.npmjs.org/@impeccable/cli-linux-arm64/-/cli-linux-arm64-0.1.5.tgz",
      "integrity": "sha512-gjWJbOa7/wAECkIOac/x6mq43lDGaGwH87/ErsnrFwk/s5hgtlBF0sPePeB30e/lu1VzGMJcXVUEA8EULv4cCg==",
      "cpu": [
        "arm64"
      ],
      "license": "SEE LICENSE IN LICENSE",
      "optional": true,
      "os": [
        "linux"
      ],
      "bin": {
        "impeccable-linux-arm64": "bin/impeccable"
      }
    },
    "node_modules/@impeccable/cli-linux-x64": {
      "version": "0.1.5",
      "resolved": "https://registry.npmjs.org/@impeccable/cli-linux-x64/-/cli-linux-x64-0.1.5.tgz",
      "integrity": "sha512-JZU7kd7s4DOz9w2gwbbpI1u3YLhrcAUNZg/awjZcQFHJwpizv/MhPVUjHKYuChrPn+Oxlpw7KU8adKY1YrSq8g==",
      "cpu": [
        "x64"
      ],
      "license": "SEE LICENSE IN LICENSE",
      "optional": true,
      "os": [
        "linux"
      ],
      "bin": {
        "impeccable-linux-x64": "bin/impeccable"
      }
    },
    "node_modules/@impeccable/cli-windows-x64": {
      "version": "0.1.5",
      "resolved": "https://registry.npmjs.org/@impeccable/cli-windows-x64/-/cli-windows-x64-0.1.5.tgz",
      "integrity": "sha512-kVZFjQIjb84mF2klxTspxE1OilalO/OmYDQnLkCJeDJCQLr6+L6HvbghJ1TChq87uyMu4GQNDPr9VV+h+Z+tCQ==",
      "cpu": [
        "x64"
      ],
      "license": "SEE LICENSE IN LICENSE",
      "optional": true,
      "os": [
        "win32"
      ],
      "bin": {
        "impeccable-windows-x64": "bin/impeccable.exe"
      }
    },
    "node_modules/@lilac/agent-events": {
      "resolved": "packages/agent-events",
      "link": true
    },
    "node_modules/@lilac/agent-runtime": {
      "resolved": "packages/agent-runtime",
      "link": true
    },
    "node_modules/@lilac/agent-supervisor": {
      "resolved": "packages/agent-supervisor",
      "link": true
    },
    "node_modules/@lilac/agent-workspace": {
      "resolved": "packages/agent-workspace",
      "link": true
    },
    "node_modules/@lilac/architecture": {
      "resolved": "packages/architecture",
      "link": true
    },
    "node_modules/@lilac/code-ir": {
      "resolved": "packages/code-ir",
      "link": true
    },
    "node_modules/@lilac/collaboration": {
      "resolved": "packages/collaboration",
      "link": true
    },
    "node_modules/@lilac/decision-assurance": {
      "resolved": "packages/decision-assurance",
      "link": true
    },
    "node_modules/@lilac/decision-router": {
      "resolved": "packages/decision-router",
      "link": true
    },
    "node_modules/@lilac/delivery-governance": {
      "resolved": "packages/delivery-governance",
      "link": true
    },
    "node_modules/@lilac/design-assurance": {
      "resolved": "packages/design-assurance",
      "link": true
    },
    "node_modules/@lilac/design-components": {
      "resolved": "packages/design-components",
      "link": true
    },
    "node_modules/@lilac/design-method": {
      "resolved": "packages/design-method",
      "link": true
    },
    "node_modules/@lilac/document-model": {
      "resolved": "packages/document-model",
      "link": true
    },
    "node_modules/@lilac/history": {
      "resolved": "packages/history",
      "link": true
    },
    "node_modules/@lilac/import-stack": {
      "resolved": "packages/import-stack",
      "link": true
    },
    "node_modules/@lilac/intake": {
      "resolved": "packages/intake",
      "link": true
    },
    "node_modules/@lilac/mcp-protocol": {
      "resolved": "packages/mcp-protocol",
      "link": true
    },
    "node_modules/@lilac/network-policy": {
      "resolved": "packages/network-policy",
      "link": true
    },
    "node_modules/@lilac/persistence": {
      "resolved": "packages/persistence",
      "link": true
    },
    "node_modules/@lilac/visual-git": {
      "resolved": "packages/visual-git",
      "link": true
    },
    "node_modules/entities": {
      "version": "8.0.0",
      "resolved": "https://registry.npmjs.org/entities/-/entities-8.0.0.tgz",
      "integrity": "sha512-zwfzJecQ/Uej6tusMqwAqU/6KL2XaB2VZ2Jg54Je6ahNBGNH6Ek6g3jjNCF0fG9EWQKGZNddNjU5F1ZQn/sBnA==",
      "license": "BSD-2-Clause",
      "engines": {
        "node": ">=20.19.0"
      },
      "funding": {
        "url": "https://github.com/fb55/entities?sponsor=1"
      }
    },
    "node_modules/impeccable": {
      "version": "4.1.0",
      "resolved": "https://registry.npmjs.org/impeccable/-/impeccable-4.1.0.tgz",
      "integrity": "sha512-hnfdoUK/Xg3qPtL0/5xzh92qKOtmREOZloCmFgnC1nYh3M81ihwCQEL2QWKntYl8qg1OG+jQ7wubR634PgTDIw==",
      "license": "Apache-2.0",
      "bin": {
        "impeccable": "cli/bin/cli.js"
      },
      "engines": {
        "node": ">=22.18.0"
      },
      "optionalDependencies": {
        "@impeccable/cli-darwin-arm64": "0.1.5",
        "@impeccable/cli-darwin-x64": "0.1.5",
        "@impeccable/cli-linux-arm64": "0.1.5",
        "@impeccable/cli-linux-x64": "0.1.5",
        "@impeccable/cli-windows-x64": "0.1.5"
      }
    },
    "node_modules/parse5": {
      "version": "8.0.1",
      "resolved": "https://registry.npmjs.org/parse5/-/parse5-8.0.1.tgz",
      "integrity": "sha512-z1e/HMG90obSGeidlli3hj7cbocou0/wa5HacvI3ASx34PecNjNQeaHNo5WIZpWofN9kgkqV1q5YvXe3F0FoPw==",
      "license": "MIT",
      "dependencies": {
        "entities": "^8.0.0"
      },
      "engines": {
        "node": ">=20.19.0"
      },
      "funding": {
        "url": "https://github.com/inikulin/parse5?sponsor=1"
      }
    },
    "packages/agent-events": {
      "name": "@lilac/agent-events",
      "version": "0.0.0",
      "dependencies": {
        "@lilac/agent-runtime": "0.0.0"
      }
    },
    "packages/agent-runtime": {
      "name": "@lilac/agent-runtime",
      "version": "0.0.0",
      "dependencies": {
        "@lilac/history": "0.0.0"
      }
    },
    "packages/agent-supervisor": {
      "name": "@lilac/agent-supervisor",
      "version": "0.0.0",
      "dependencies": {
        "@lilac/agent-events": "0.0.0",
        "@lilac/agent-runtime": "0.0.0"
      }
    },
    "packages/agent-workspace": {
      "name": "@lilac/agent-workspace",
      "version": "0.0.0",
      "engines": {
        "node": ">=22.18.0"
      }
    },
    "packages/architecture": {
      "name": "@lilac/architecture",
      "version": "0.0.0",
      "engines": {
        "node": ">=22.18.0"
      }
    },
    "packages/code-ir": {
      "name": "@lilac/code-ir",
      "version": "0.0.0",
      "engines": {
        "node": ">=22.18.0"
      }
    },
    "packages/collaboration": {
      "name": "@lilac/collaboration",
      "version": "0.0.0",
      "dependencies": {
        "@lilac/agent-runtime": "0.0.0",
        "@lilac/history": "0.0.0"
      }
    },
    "packages/decision-assurance": {
      "name": "@lilac/decision-assurance",
      "version": "0.0.0",
      "dependencies": {
        "@lilac/decision-router": "0.0.0",
        "@lilac/design-method": "0.0.0"
      },
      "engines": {
        "node": ">=22.18.0"
      }
    },
    "packages/decision-router": {
      "name": "@lilac/decision-router",
      "version": "0.0.0",
      "engines": {
        "node": ">=22.18.0"
      }
    },
    "packages/delivery-governance": {
      "name": "@lilac/delivery-governance",
      "version": "0.0.0",
      "engines": {
        "node": ">=22.18.0"
      }
    },
    "packages/design-assurance": {
      "name": "@lilac/design-assurance",
      "version": "0.0.0",
      "dependencies": {
        "@lilac/document-model": "0.0.0",
        "impeccable": "4.1.0"
      },
      "engines": {
        "node": ">=22.18.0"
      }
    },
    "packages/design-components": {
      "name": "@lilac/design-components",
      "version": "0.0.0",
      "dependencies": {
        "@lilac/code-ir": "0.0.0"
      },
      "engines": {
        "node": ">=22.18.0"
      }
    },
    "packages/design-method": {
      "name": "@lilac/design-method",
      "version": "0.0.0",
      "engines": {
        "node": ">=22.18.0"
      }
    },
    "packages/document-model": {
      "name": "@lilac/document-model",
      "version": "0.0.0"
    },
    "packages/history": {
      "name": "@lilac/history",
      "version": "0.0.0"
    },
    "packages/import-stack": {
      "name": "@lilac/import-stack",
      "version": "0.0.0",
      "dependencies": {
        "@lilac/history": "0.0.0",
        "@lilac/network-policy": "0.0.0",
        "parse5": "8.0.1"
      },
      "engines": {
        "node": ">=22.18.0"
      }
    },
    "packages/intake": {
      "name": "@lilac/intake",
      "version": "0.0.0",
      "dependencies": {
        "@lilac/history": "0.0.0",
        "@lilac/import-stack": "0.0.0",
        "@lilac/network-policy": "0.0.0",
        "@lilac/persistence": "0.0.0"
      },
      "engines": {
        "node": ">=22.18.0"
      }
    },
    "packages/mcp-protocol": {
      "name": "@lilac/mcp-protocol",
      "version": "0.0.0"
    },
    "packages/network-policy": {
      "name": "@lilac/network-policy",
      "version": "0.0.0",
      "engines": {
        "node": ">=22.18.0"
      }
    },
    "packages/persistence": {
      "name": "@lilac/persistence",
      "version": "0.0.0",
      "dependencies": {
        "@lilac/document-model": "0.0.0",
        "@lilac/history": "0.0.0"
      },
      "engines": {
        "node": ">=22.18.0"
      }
    },
    "packages/visual-git": {
      "name": "@lilac/visual-git",
      "version": "0.0.0",
      "engines": {
        "node": ">=22.18.0"
      }
    }
  }
}
